
Terraform used the selected providers to generate the following execution
plan. Resource actions are indicated with the following symbols:
  [32m+[0m create[0m

Terraform will perform the following actions:

[1m  # azurerm_eventhub.shopping_eventhub[0m will be created
[0m  [32m+[0m[0m resource "azurerm_eventhub" "shopping_eventhub" {
      [32m+[0m[0m id                  = (known after apply)
      [32m+[0m[0m message_retention   = 7
      [32m+[0m[0m name                = "ShoppingOrderEventHub"
      [32m+[0m[0m namespace_id        = (known after apply)
      [32m+[0m[0m namespace_name      = (known after apply)
      [32m+[0m[0m partition_count     = 2
      [32m+[0m[0m partition_ids       = (known after apply)
      [32m+[0m[0m resource_group_name = (known after apply)
      [32m+[0m[0m status              = "Active"
    }

[1m  # azurerm_eventhub_namespace.shopping_namespace[0m will be created
[0m  [32m+[0m[0m resource "azurerm_eventhub_namespace" "shopping_namespace" {
      [32m+[0m[0m auto_inflate_enabled                      = false
      [32m+[0m[0m capacity                                  = 1
      [32m+[0m[0m default_primary_connection_string         = (sensitive value)
      [32m+[0m[0m default_primary_connection_string_alias   = (sensitive value)
      [32m+[0m[0m default_primary_key                       = (sensitive value)
      [32m+[0m[0m default_secondary_connection_string       = (sensitive value)
      [32m+[0m[0m default_secondary_connection_string_alias = (sensitive value)
      [32m+[0m[0m default_secondary_key                     = (sensitive value)
      [32m+[0m[0m id                                        = (known after apply)
      [32m+[0m[0m local_authentication_enabled              = true
      [32m+[0m[0m location                                  = "eastus"
      [32m+[0m[0m minimum_tls_version                       = "1.2"
      [32m+[0m[0m name                                      = "ShoppingOrderNamespace"
      [32m+[0m[0m network_rulesets                          = (known after apply)
      [32m+[0m[0m public_network_access_enabled             = true
      [32m+[0m[0m resource_group_name                       = "ShoppingOrderGroup"
      [32m+[0m[0m sku                                       = "Standard"
    }

[1mPlan:[0m 2 to add, 0 to change, 0 to destroy.
[0m[0m[1mazurerm_eventhub_namespace.shopping_namespace: Creating...[0m[0m
